
Microsoft Visual Studio Solution File, Format Version 12.00
# Visual Studio Version 17
VisualStudioVersion = 17.6.33723.286
MinimumVisualStudioVersion = 10.0.40219.1
Project("{FAE04EC0-301F-11D3-BF4B-00C04F79EFBC}") = "Tuts5", "Tuts5\Tuts5.csproj", "{10E29293-F558-4963-9730-127A9B40FDFC}"
EndProject
Global
	GlobalSection(SolutionConfigurationPlatforms) = preSolution
		Debug|Any CPU = Debug|Any CPU
		Release|Any CPU = Release|Any CPU
	EndGlobalSection
	GlobalSection(ProjectConfigurationPlatforms) = postSolution
		{10E29293-F558-4963-9730-127A9B40FDFC}.Debug|Any CPU.ActiveCfg = Debug|Any CPU
		{10E29293-F558-4963-9730-127A9B40FDFC}.Debug|Any CPU.Build.0 = Debug|Any CPU
		{10E29293-F558-4963-9730-127A9B40FDFC}.Release|Any CPU.ActiveCfg = Release|Any CPU
		{10E29293-F558-4963-9730-127A9B40FDFC}.Release|Any CPU.Build.0 = Release|Any CPU
	EndGlobalSection
	GlobalSection(SolutionProperties) = preSolution
		HideSolutionNode = FALSE
	EndGlobalSection
	GlobalSection(ExtensibilityGlobals) = postSolution
		SolutionGuid = {D3C44014-83DD-454A-BC09-19657FCA82F2}
	EndGlobalSection
EndGlobal
