
Microsoft Visual Studio Solution File, Format Version 12.00
# Visual Studio Version 17
VisualStudioVersion = 17.6.33723.286
MinimumVisualStudioVersion = 10.0.40219.1
Project("{FAE04EC0-301F-11D3-BF4B-00C04F79EFBC}") = "Tuts7", "Tuts7\Tuts7.csproj", "{9018E072-8AA1-4E20-83D3-9B0BB6761E5A}"
EndProject
Global
	GlobalSection(SolutionConfigurationPlatforms) = preSolution
		Debug|Any CPU = Debug|Any CPU
		Release|Any CPU = Release|Any CPU
	EndGlobalSection
	GlobalSection(ProjectConfigurationPlatforms) = postSolution
		{9018E072-8AA1-4E20-83D3-9B0BB6761E5A}.Debug|Any CPU.ActiveCfg = Debug|Any CPU
		{9018E072-8AA1-4E20-83D3-9B0BB6761E5A}.Debug|Any CPU.Build.0 = Debug|Any CPU
		{9018E072-8AA1-4E20-83D3-9B0BB6761E5A}.Release|Any CPU.ActiveCfg = Release|Any CPU
		{9018E072-8AA1-4E20-83D3-9B0BB6761E5A}.Release|Any CPU.Build.0 = Release|Any CPU
	EndGlobalSection
	GlobalSection(SolutionProperties) = preSolution
		HideSolutionNode = FALSE
	EndGlobalSection
	GlobalSection(ExtensibilityGlobals) = postSolution
		SolutionGuid = {19A1BCA3-0F74-466E-B6D4-9AD9076C8502}
	EndGlobalSection
EndGlobal
